// !$*UTF8*$!
{
	archiveVersion = 1;
	classes = {
	};
	objectVersion = 56;
	objects = {

/* Begin PBXBuildFile section */
		80C248CD2A3E551B00A50033 /* Interface.swift in Sources */ = {isa = PBXBuildFile; fileRef = 80C248CC2A3E551B00A50033 /* Interface.swift */; };
		80C248CF2A3E6E0200A50033 /* RMViewModel.swift in Sources */ = {isa = PBXBuildFile; fileRef = 80C248CE2A3E6E0200A50033 /* RMViewModel.swift */; };
		80C248D12A3E76B400A50033 /* CharactersView.swift in Sources */ = {isa = PBXBuildFile; fileRef = 80C248D02A3E76B400A50033 /* CharactersView.swift */; };
		80C248D32A3E770E00A50033 /* EpisodesView.swift in Sources */ = {isa = PBXBuildFile; fileRef = 80C248D22A3E770E00A50033 /* EpisodesView.swift */; };
		80C248D52A3E773400A50033 /* LocationsView.swift in Sources */ = {isa = PBXBuildFile; fileRef = 80C248D42A3E773400A50033 /* LocationsView.swift */; };
		80CC39DE2A3CB387001ECAD2 /* RickAndMortyAppApp.swift in Sources */ = {isa = PBXBuildFile; fileRef = 80CC39DD2A3CB387001ECAD2 /* RickAndMortyAppApp.swift */; };
		80CC39E02A3CB387001ECAD2 /* MainView.swift in Sources */ = {isa = PBXBuildFile; fileRef = 80CC39DF2A3CB387001ECAD2 /* MainView.swift */; };
		80CC39E22A3CB389001ECAD2 /* Assets.xcassets in Resources */ = {isa = PBXBuildFile; fileRef = 80CC39E12A3CB389001ECAD2 /* Assets.xcassets */; };
		80CC39E52A3CB389001ECAD2 /* Preview Assets.xcassets in Resources */ = {isa = PBXBuildFile; fileRef = 80CC39E42A3CB389001ECAD2 /* Preview Assets.xcassets */; };
		80CC39F32A3CB5BB001ECAD2 /* RMModel.swift in Sources */ = {isa = PBXBuildFile; fileRef = 80CC39F22A3CB5BB001ECAD2 /* RMModel.swift */; };
		80CC39F52A3CBC58001ECAD2 /* RMPersistance.swift in Sources */ = {isa = PBXBuildFile; fileRef = 80CC39F42A3CBC58001ECAD2 /* RMPersistance.swift */; };
/* End PBXBuildFile section */

/* Begin PBXFileReference section */
		80C248CC2A3E551B00A50033 /* Interface.swift */ = {isa = PBXFileReference; lastKnownFileType = sourcecode.swift; path = Interface.swift; sourceTree = "<group>"; };
		80C248CE2A3E6E0200A50033 /* RMViewModel.swift */ = {isa = PBXFileReference; lastKnownFileType = sourcecode.swift; path = RMViewModel.swift; sourceTree = "<group>"; };
		80C248D02A3E76B400A50033 /* CharactersView.swift */ = {isa = PBXFileReference; lastKnownFileType = sourcecode.swift; path = CharactersView.swift; sourceTree = "<group>"; };
		80C248D22A3E770E00A50033 /* EpisodesView.swift */ = {isa = PBXFileReference; lastKnownFileType = sourcecode.swift; path = EpisodesView.swift; sourceTree = "<group>"; };
		80C248D42A3E773400A50033 /* LocationsView.swift */ = {isa = PBXFileReference; lastKnownFileType = sourcecode.swift; path = LocationsView.swift; sourceTree = "<group>"; };
		80CC39DA2A3CB387001ECAD2 /* RickAndMortyApp.app */ = {isa = PBXFileReference; explicitFileType = wrapper.application; includeInIndex = 0; path = RickAndMortyApp.app; sourceTree = BUILT_PRODUCTS_DIR; };
		80CC39DD2A3CB387001ECAD2 /* RickAndMortyAppApp.swift */ = {isa = PBXFileReference; lastKnownFileType = sourcecode.swift; path = RickAndMortyAppApp.swift; sourceTree = "<group>"; };
		80CC39DF2A3CB387001ECAD2 /* MainView.swift */ = {isa = PBXFileReference; lastKnownFileType = sourcecode.swift; path = MainView.swift; sourceTree = "<group>"; };
		80CC39E12A3CB389001ECAD2 /* Assets.xcassets */ = {isa = PBXFileReference; lastKnownFileType = folder.assetcatalog; path = Assets.xcassets; sourceTree = "<group>"; };
		80CC39E42A3CB389001ECAD2 /* Preview Assets.xcassets */ = {isa = PBXFileReference; lastKnownFileType = folder.assetcatalog; path = "Preview Assets.xcassets"; sourceTree = "<group>"; };
		80CC39F22A3CB5BB001ECAD2 /* RMModel.swift */ = {isa = PBXFileReference; lastKnownFileType = sourcecode.swift; path = RMModel.swift; sourceTree = "<group>"; };
		80CC39F42A3CBC58001ECAD2 /* RMPersistance.swift */ = {isa = PBXFileReference; lastKnownFileType = sourcecode.swift; path = RMPersistance.swift; sourceTree = "<group>"; };
/* End PBXFileReference section */

/* Begin PBXFrameworksBuildPhase section */
		80CC39D72A3CB387001ECAD2 /* Frameworks */ = {
			isa = PBXFrameworksBuildPhase;
			buildActionMask = 2147483647;
			files = (
			);
			runOnlyForDeploymentPostprocessing = 0;
		};
/* End PBXFrameworksBuildPhase section */

/* Begin PBXGroup section */
		80CC39D12A3CB387001ECAD2 = {
			isa = PBXGroup;
			children = (
				80CC39DC2A3CB387001ECAD2 /* RickAndMortyApp */,
				80CC39DB2A3CB387001ECAD2 /* Products */,
			);
			sourceTree = "<group>";
		};
		80CC39DB2A3CB387001ECAD2 /* Products */ = {
			isa = PBXGroup;
			children = (
				80CC39DA2A3CB387001ECAD2 /* RickAndMortyApp.app */,
			);
			name = Products;
			sourceTree = "<group>";
		};
		80CC39DC2A3CB387001ECAD2 /* RickAndMortyApp */ = {
			isa = PBXGroup;
			children = (
				80CC39EC2A3CB401001ECAD2 /* Model */,
				80CC39EE2A3CB45F001ECAD2 /* Persistence */,
				80CC39F02A3CB4D0001ECAD2 /* ViewModel */,
				80CC39EF2A3CB48A001ECAD2 /* Views */,
				80CC39ED2A3CB42D001ECAD2 /* System */,
				80CC39E32A3CB389001ECAD2 /* Preview Content */,
				80CC39F12A3CB4E8001ECAD2 /* Resources */,
			);
			path = RickAndMortyApp;
			sourceTree = "<group>";
		};
		80CC39E32A3CB389001ECAD2 /* Preview Content */ = {
			isa = PBXGroup;
			children = (
				80CC39E42A3CB389001ECAD2 /* Preview Assets.xcassets */,
			);
			path = "Preview Content";
			sourceTree = "<group>";
		};
		80CC39EC2A3CB401001ECAD2 /* Model */ = {
			isa = PBXGroup;
			children = (
				80CC39F22A3CB5BB001ECAD2 /* RMModel.swift */,
			);
			name = Model;
			sourceTree = "<group>";
		};
		80CC39ED2A3CB42D001ECAD2 /* System */ = {
			isa = PBXGroup;
			children = (
				80CC39DD2A3CB387001ECAD2 /* RickAndMortyAppApp.swift */,
			);
			name = System;
			sourceTree = "<group>";
		};
		80CC39EE2A3CB45F001ECAD2 /* Persistence */ = {
			isa = PBXGroup;
			children = (
				80CC39F42A3CBC58001ECAD2 /* RMPersistance.swift */,
				80C248CC2A3E551B00A50033 /* Interface.swift */,
			);
			name = Persistence;
			sourceTree = "<group>";
		};
		80CC39EF2A3CB48A001ECAD2 /* Views */ = {
			isa = PBXGroup;
			children = (
				80CC39DF2A3CB387001ECAD2 /* MainView.swift */,
				80C248D02A3E76B400A50033 /* CharactersView.swift */,
				80C248D22A3E770E00A50033 /* EpisodesView.swift */,
				80C248D42A3E773400A50033 /* LocationsView.swift */,
			);
			name = Views;
			sourceTree = "<group>";
		};
		80CC39F02A3CB4D0001ECAD2 /* ViewModel */ = {
			isa = PBXGroup;
			children = (
				80C248CE2A3E6E0200A50033 /* RMViewModel.swift */,
			);
			name = ViewModel;
			sourceTree = "<group>";
		};
		80CC39F12A3CB4E8001ECAD2 /* Resources */ = {
			isa = PBXGroup;
			children = (
				80CC39E12A3CB389001ECAD2 /* Assets.xcassets */,
			);
			name = Resources;
			sourceTree = "<group>";
		};
/* End PBXGroup section */

/* Begin PBXNativeTarget section */
		80CC39D92A3CB387001ECAD2 /* RickAndMortyApp */ = {
			isa = PBXNativeTarget;
			buildConfigurationList = 80CC39E82A3CB389001ECAD2 /* Build configuration list for PBXNativeTarget "RickAndMortyApp" */;
			buildPhases = (
				80CC39D62A3CB387001ECAD2 /* Sources */,
				80CC39D72A3CB387001ECAD2 /* Frameworks */,
				80CC39D82A3CB387001ECAD2 /* Resources */,
			);
			buildRules = (
			);
			dependencies = (
			);
			name = RickAndMortyApp;
			productName = RickAndMortyApp;
			productReference = 80CC39DA2A3CB387001ECAD2 /* RickAndMortyApp.app */;
			productType = "com.apple.product-type.application";
		};
/* End PBXNativeTarget section */

/* Begin PBXProject section */
		80CC39D22A3CB387001ECAD2 /* Project object */ = {
			isa = PBXProject;
			attributes = {
				BuildIndependentTargetsInParallel = 1;
				LastSwiftUpdateCheck = 1430;
				LastUpgradeCheck = 1430;
				TargetAttributes = {
					80CC39D92A3CB387001ECAD2 = {
						CreatedOnToolsVersion = 14.3.1;
					};
				};
			};
			buildConfigurationList = 80CC39D52A3CB387001ECAD2 /* Build configuration list for PBXProject "RickAndMortyApp" */;
			compatibilityVersion = "Xcode 14.0";
			developmentRegion = en;
			hasScannedForEncodings = 0;
			knownRegions = (
				en,
				Base,
			);
			mainGroup = 80CC39D12A3CB387001ECAD2;
			productRefGroup = 80CC39DB2A3CB387001ECAD2 /* Products */;
			projectDirPath = "";
			projectRoot = "";
			targets = (
				80CC39D92A3CB387001ECAD2 /* RickAndMortyApp */,
			);
		};
/* End PBXProject section */

/* Begin PBXResourcesBuildPhase section */
		80CC39D82A3CB387001ECAD2 /* Resources */ = {
			isa = PBXResourcesBuildPhase;
			buildActionMask = 2147483647;
			files = (
				80CC39E52A3CB389001ECAD2 /* Preview Assets.xcassets in Resources */,
				80CC39E22A3CB389001ECAD2 /* Assets.xcassets in Resources */,
			);
			runOnlyForDeploymentPostprocessing = 0;
		};
/* End PBXResourcesBuildPhase section */

/* Begin PBXSourcesBuildPhase section */
		80CC39D62A3CB387001ECAD2 /* Sources */ = {
			isa = PBXSourcesBuildPhase;
			buildActionMask = 2147483647;
			files = (
				80CC39E02A3CB387001ECAD2 /* MainView.swift in Sources */,
				80C248CD2A3E551B00A50033 /* Interface.swift in Sources */,
				80CC39F52A3CBC58001ECAD2 /* RMPersistance.swift in Sources */,
				80C248CF2A3E6E0200A50033 /* RMViewModel.swift in Sources */,
				80C248D32A3E770E00A50033 /* EpisodesView.swift in Sources */,
				80CC39DE2A3CB387001ECAD2 /* RickAndMortyAppApp.swift in Sources */,
				80C248D52A3E773400A50033 /* LocationsView.swift in Sources */,
				80C248D12A3E76B400A50033 /* CharactersView.swift in Sources */,
				80CC39F32A3CB5BB001ECAD2 /* RMModel.swift in Sources */,
			);
			runOnlyForDeploymentPostprocessing = 0;
		};
/* End PBXSourcesBuildPhase section */

/* Begin XCBuildConfiguration section */
		80CC39E62A3CB389001ECAD2 /* Debug */ = {
			isa = XCBuildConfiguration;
			buildSettings = {
				ALWAYS_SEARCH_USER_PATHS = NO;
				CLANG_ANALYZER_NONNULL = YES;
				CLANG_ANALYZER_NUMBER_OBJECT_CONVERSION = YES_AGGRESSIVE;
				CLANG_CXX_LANGUAGE_STANDARD = "gnu++20";
				CLANG_ENABLE_MODULES = YES;
				CLANG_ENABLE_OBJC_ARC = YES;
				CLANG_ENABLE_OBJC_WEAK = YES;
				CLANG_WARN_BLOCK_CAPTURE_AUTORELEASING = YES;
				CLANG_WARN_BOOL_CONVERSION = YES;
				CLANG_WARN_COMMA = YES;
				CLANG_WARN_CONSTANT_CONVERSION = YES;
				CLANG_WARN_DEPRECATED_OBJC_IMPLEMENTATIONS = YES;
				CLANG_WARN_DIRECT_OBJC_ISA_USAGE = YES_ERROR;
				CLANG_WARN_DOCUMENTATION_COMMENTS = YES;
				CLANG_WARN_EMPTY_BODY = YES;
				CLANG_WARN_ENUM_CONVERSION = YES;
				CLANG_WARN_INFINITE_RECURSION = YES;
				CLANG_WARN_INT_CONVERSION = YES;
				CLANG_WARN_NON_LITERAL_NULL_CONVERSION = YES;
				CLANG_WARN_OBJC_IMPLICIT_RETAIN_SELF = YES;
				CLANG_WARN_OBJC_LITERAL_CONVERSION = YES;
				CLANG_WARN_OBJC_ROOT_CLASS = YES_ERROR;
				CLANG_WARN_QUOTED_INCLUDE_IN_FRAMEWORK_HEADER = YES;
				CLANG_WARN_RANGE_LOOP_ANALYSIS = YES;
				CLANG_WARN_STRICT_PROTOTYPES = YES;
				CLANG_WARN_SUSPICIOUS_MOVE = YES;
				CLANG_WARN_UNGUARDED_AVAILABILITY = YES_AGGRESSIVE;
				CLANG_WARN_UNREACHABLE_CODE = YES;
				CLANG_WARN__DUPLICATE_METHOD_MATCH = YES;
				COPY_PHASE_STRIP = NO;
				DEBUG_INFORMATION_FORMAT = dwarf;
				ENABLE_STRICT_OBJC_MSGSEND = YES;
				ENABLE_TESTABILITY = YES;
				GCC_C_LANGUAGE_STANDARD = gnu11;
				GCC_DYNAMIC_NO_PIC = NO;
				GCC_NO_COMMON_BLOCKS = YES;
				GCC_OPTIMIZATION_LEVEL = 0;
				GCC_PREPROCESSOR_DEFINITIONS = (
					"DEBUG=1",
					"$(inherited)",
				);
				GCC_WARN_64_TO_32_BIT_CONVERSION = YES;
				GCC_WARN_ABOUT_RETURN_TYPE = YES_ERROR;
				GCC_WARN_UNDECLARED_SELECTOR = YES;
				GCC_WARN_UNINITIALIZED_AUTOS = YES_AGGRESSIVE;
				GCC_WARN_UNUSED_FUNCTION = YES;
				GCC_WARN_UNUSED_VARIABLE = YES;
				IPHONEOS_DEPLOYMENT_TARGET = 16.4;
				MTL_ENABLE_DEBUG_INFO = INCLUDE_SOURCE;
				MTL_FAST_MATH = YES;
				ONLY_ACTIVE_ARCH = YES;
				SDKROOT = iphoneos;
				SWIFT_ACTIVE_COMPILATION_CONDITIONS = DEBUG;
				SWIFT_OPTIMIZATION_LEVEL = "-Onone";
			};
			name = Debug;
		};
		80CC39E72A3CB389001ECAD2 /* Release */ = {
			isa = XCBuildConfiguration;
			buildSettings = {
				ALWAYS_SEARCH_USER_PATHS = NO;
				CLANG_ANALYZER_NONNULL = YES;
				CLANG_ANALYZER_NUMBER_OBJECT_CONVERSION = YES_AGGRESSIVE;
				CLANG_CXX_LANGUAGE_STANDARD = "gnu++20";
				CLANG_ENABLE_MODULES = YES;
				CLANG_ENABLE_OBJC_ARC = YES;
				CLANG_ENABLE_OBJC_WEAK = YES;
				CLANG_WARN_BLOCK_CAPTURE_AUTORELEASING = YES;
				CLANG_WARN_BOOL_CONVERSION = YES;
				CLANG_WARN_COMMA = YES;
				CLANG_WARN_CONSTANT_CONVERSION = YES;
				CLANG_WARN_DEPRECATED_OBJC_IMPLEMENTATIONS = YES;
				CLANG_WARN_DIRECT_OBJC_ISA_USAGE = YES_ERROR;
				CLANG_WARN_DOCUMENTATION_COMMENTS = YES;
				CLANG_WARN_EMPTY_BODY = YES;
				CLANG_WARN_ENUM_CONVERSION = YES;
				CLANG_WARN_INFINITE_RECURSION = YES;
				CLANG_WARN_INT_CONVERSION = YES;
				CLANG_WARN_NON_LITERAL_NULL_CONVERSION = YES;
				CLANG_WARN_OBJC_IMPLICIT_RETAIN_SELF = YES;
				CLANG_WARN_OBJC_LITERAL_CONVERSION = YES;
				CLANG_WARN_OBJC_ROOT_CLASS = YES_ERROR;
				CLANG_WARN_QUOTED_INCLUDE_IN_FRAMEWORK_HEADER = YES;
				CLANG_WARN_RANGE_LOOP_ANALYSIS = YES;
				CLANG_WARN_STRICT_PROTOTYPES = YES;
				CLANG_WARN_SUSPICIOUS_MOVE = YES;
				CLANG_WARN_UNGUARDED_AVAILABILITY = YES_AGGRESSIVE;
				CLANG_WARN_UNREACHABLE_CODE = YES;
				CLANG_WARN__DUPLICATE_METHOD_MATCH = YES;
				COPY_PHASE_STRIP = NO;
				DEBUG_INFORMATION_FORMAT = "dwarf-with-dsym";
				ENABLE_NS_ASSERTIONS = NO;
				ENABLE_STRICT_OBJC_MSGSEND = YES;
				GCC_C_LANGUAGE_STANDARD = gnu11;
				GCC_NO_COMMON_BLOCKS = YES;
				GCC_WARN_64_TO_32_BIT_CONVERSION = YES;
				GCC_WARN_ABOUT_RETURN_TYPE = YES_ERROR;
				GCC_WARN_UNDECLARED_SELECTOR = YES;
				GCC_WARN_UNINITIALIZED_AUTOS = YES_AGGRESSIVE;
				GCC_WARN_UNUSED_FUNCTION = YES;
				GCC_WARN_UNUSED_VARIABLE = YES;
				IPHONEOS_DEPLOYMENT_TARGET = 16.4;
				MTL_ENABLE_DEBUG_INFO = NO;
				MTL_FAST_MATH = YES;
				SDKROOT = iphoneos;
				SWIFT_COMPILATION_MODE = wholemodule;
				SWIFT_OPTIMIZATION_LEVEL = "-O";
				VALIDATE_PRODUCT = YES;
			};
			name = Release;
		};
		80CC39E92A3CB389001ECAD2 /* Debug */ = {
			isa = XCBuildConfiguration;
			buildSettings = {
				ASSETCATALOG_COMPILER_APPICON_NAME = AppIcon;
				ASSETCATALOG_COMPILER_GLOBAL_ACCENT_COLOR_NAME = AccentColor;
				CODE_SIGN_STYLE = Automatic;
				CURRENT_PROJECT_VERSION = 1;
				DEVELOPMENT_ASSET_PATHS = "\"RickAndMortyApp/Preview Content\"";
				ENABLE_PREVIEWS = YES;
				GENERATE_INFOPLIST_FILE = YES;
				INFOPLIST_KEY_UIApplicationSceneManifest_Generation = YES;
				INFOPLIST_KEY_UIApplicationSupportsIndirectInputEvents = YES;
				INFOPLIST_KEY_UILaunchScreen_Generation = YES;
				INFOPLIST_KEY_UISupportedInterfaceOrientations_iPad = "UIInterfaceOrientationPortrait UIInterfaceOrientationPortraitUpsideDown UIInterfaceOrientationLandscapeLeft UIInterfaceOrientationLandscapeRight";
				INFOPLIST_KEY_UISupportedInterfaceOrientations_iPhone = "UIInterfaceOrientationPortrait UIInterfaceOrientationLandscapeLeft UIInterfaceOrientationLandscapeRight";
				LD_RUNPATH_SEARCH_PATHS = (
					"$(inherited)",
					"@executable_path/Frameworks",
				);
				MARKETING_VERSION = 1.0;
				PRODUCT_BUNDLE_IDENTIFIER = com.RickAndMortyApp;
				PRODUCT_NAME = "$(TARGET_NAME)";
				SWIFT_EMIT_LOC_STRINGS = YES;
				SWIFT_VERSION = 5.0;
				TARGETED_DEVICE_FAMILY = "1,2";
			};
			name = Debug;
		};
		80CC39EA2A3CB389001ECAD2 /* Release */ = {
			isa = XCBuildConfiguration;
			buildSettings = {
				ASSETCATALOG_COMPILER_APPICON_NAME = AppIcon;
				ASSETCATALOG_COMPILER_GLOBAL_ACCENT_COLOR_NAME = AccentColor;
				CODE_SIGN_STYLE = Automatic;
				CURRENT_PROJECT_VERSION = 1;
				DEVELOPMENT_ASSET_PATHS = "\"RickAndMortyApp/Preview Content\"";
				ENABLE_PREVIEWS = YES;
				GENERATE_INFOPLIST_FILE = YES;
				INFOPLIST_KEY_UIApplicationSceneManifest_Generation = YES;
				INFOPLIST_KEY_UIApplicationSupportsIndirectInputEvents = YES;
				INFOPLIST_KEY_UILaunchScreen_Generation = YES;
				INFOPLIST_KEY_UISupportedInterfaceOrientations_iPad = "UIInterfaceOrientationPortrait UIInterfaceOrientationPortraitUpsideDown UIInterfaceOrientationLandscapeLeft UIInterfaceOrientationLandscapeRight";
				INFOPLIST_KEY_UISupportedInterfaceOrientations_iPhone = "UIInterfaceOrientationPortrait UIInterfaceOrientationLandscapeLeft UIInterfaceOrientationLandscapeRight";
				LD_RUNPATH_SEARCH_PATHS = (
					"$(inherited)",
					"@executable_path/Frameworks",
				);
				MARKETING_VERSION = 1.0;
				PRODUCT_BUNDLE_IDENTIFIER = com.RickAndMortyApp;
				PRODUCT_NAME = "$(TARGET_NAME)";
				SWIFT_EMIT_LOC_STRINGS = YES;
				SWIFT_VERSION = 5.0;
				TARGETED_DEVICE_FAMILY = "1,2";
			};
			name = Release;
		};
/* End XCBuildConfiguration section */

/* Begin XCConfigurationList section */
		80CC39D52A3CB387001ECAD2 /* Build configuration list for PBXProject "RickAndMortyApp" */ = {
			isa = XCConfigurationList;
			buildConfigurations = (
				80CC39E62A3CB389001ECAD2 /* Debug */,
				80CC39E72A3CB389001ECAD2 /* Release */,
			);
			defaultConfigurationIsVisible = 0;
			defaultConfigurationName = Release;
		};
		80CC39E82A3CB389001ECAD2 /* Build configuration list for PBXNativeTarget "RickAndMortyApp" */ = {
			isa = XCConfigurationList;
			buildConfigurations = (
				80CC39E92A3CB389001ECAD2 /* Debug */,
				80CC39EA2A3CB389001ECAD2 /* Release */,
			);
			defaultConfigurationIsVisible = 0;
			defaultConfigurationName = Release;
		};
/* End XCConfigurationList section */
	};
	rootObject = 80CC39D22A3CB387001ECAD2 /* Project object */;
}
